// !$*UTF8*$!
{
	archiveVersion = 1;
	classes = {
	};
	objectVersion = 46;
	objects = {

/* Begin PBXBuildFile section */
		078F0209A62E2BB141BCC940 /* Pods_ChartTest.framework in Frameworks */ = {isa = PBXBuildFile; fileRef = D1E83C2272CECE9BFFF8EE3F /* Pods_ChartTest.framework */; };
		FC2A9AE01EF3DDB800537BEA /* AppDelegate.swift in Sources */ = {isa = PBXBuildFile; fileRef = FC2A9ADF1EF3DDB800537BEA /* AppDelegate.swift */; };
		FC2A9AE21EF3DDB800537BEA /* ViewController.swift in Sources */ = {isa = PBXBuildFile; fileRef = FC2A9AE11EF3DDB800537BEA /* ViewController.swift */; };
		FC2A9AE51EF3DDB800537BEA /* Main.storyboard in Resources */ = {isa = PBXBuildFile; fileRef = FC2A9AE31EF3DDB800537BEA /* Main.storyboard */; };
		FC2A9AE71EF3DDB800537BEA /* Assets.xcassets in Resources */ = {isa = PBXBuildFile; fileRef = FC2A9AE61EF3DDB800537BEA /* Assets.xcassets */; };
		FC2A9AEA1EF3DDB800537BEA /* LaunchScreen.storyboard in Resources */ = {isa = PBXBuildFile; fileRef = FC2A9AE81EF3DDB800537BEA /* LaunchScreen.storyboard */; };
		FC9FC0C11F0B7DC2009E3EBA /* Roboto-Black.ttf in Resources */ = {isa = PBXBuildFile; fileRef = FC9FC0B51F0B7D9C009E3EBA /* Roboto-Black.ttf */; };
		FC9FC0C21F0B7DC2009E3EBA /* Roboto-BlackItalic.ttf in Resources */ = {isa = PBXBuildFile; fileRef = FC9FC0B61F0B7D9C009E3EBA /* Roboto-BlackItalic.ttf */; };
		FC9FC0C31F0B7DC2009E3EBA /* Roboto-Bold.ttf in Resources */ = {isa = PBXBuildFile; fileRef = FC9FC0B71F0B7D9C009E3EBA /* Roboto-Bold.ttf */; };
		FC9FC0C41F0B7DC2009E3EBA /* Roboto-BoldItalic.ttf in Resources */ = {isa = PBXBuildFile; fileRef = FC9FC0B81F0B7D9C009E3EBA /* Roboto-BoldItalic.ttf */; };
		FC9FC0C51F0B7DC2009E3EBA /* Roboto-Italic.ttf in Resources */ = {isa = PBXBuildFile; fileRef = FC9FC0B91F0B7D9C009E3EBA /* Roboto-Italic.ttf */; };
		FC9FC0C61F0B7DC2009E3EBA /* Roboto-Light.ttf in Resources */ = {isa = PBXBuildFile; fileRef = FC9FC0BA1F0B7D9C009E3EBA /* Roboto-Light.ttf */; };
		FC9FC0C71F0B7DC2009E3EBA /* Roboto-LightItalic.ttf in Resources */ = {isa = PBXBuildFile; fileRef = FC9FC0BB1F0B7D9C009E3EBA /* Roboto-LightItalic.ttf */; };
		FC9FC0C81F0B7DC2009E3EBA /* Roboto-Medium.ttf in Resources */ = {isa = PBXBuildFile; fileRef = FC9FC0BC1F0B7D9C009E3EBA /* Roboto-Medium.ttf */; };
		FC9FC0C91F0B7DC2009E3EBA /* Roboto-MediumItalic.ttf in Resources */ = {isa = PBXBuildFile; fileRef = FC9FC0BD1F0B7D9C009E3EBA /* Roboto-MediumItalic.ttf */; };
		FC9FC0CA1F0B7DC2009E3EBA /* Roboto-Regular.ttf in Resources */ = {isa = PBXBuildFile; fileRef = FC9FC0BE1F0B7D9C009E3EBA /* Roboto-Regular.ttf */; };
		FC9FC0CB1F0B7DC2009E3EBA /* Roboto-Thin.ttf in Resources */ = {isa = PBXBuildFile; fileRef = FC9FC0BF1F0B7D9C009E3EBA /* Roboto-Thin.ttf */; };
		FC9FC0CC1F0B7DC2009E3EBA /* Roboto-ThinItalic.ttf in Resources */ = {isa = PBXBuildFile; fileRef = FC9FC0C01F0B7D9C009E3EBA /* Roboto-ThinItalic.ttf */; };
/* End PBXBuildFile section */

/* Begin PBXFileReference section */
		D1E83C2272CECE9BFFF8EE3F /* Pods_ChartTest.framework */ = {isa = PBXFileReference; explicitFileType = wrapper.framework; includeInIndex = 0; path = Pods_ChartTest.framework; sourceTree = BUILT_PRODUCTS_DIR; };
		D7B574C06B89477C70259FCD /* Pods-ChartTest.debug.xcconfig */ = {isa = PBXFileReference; includeInIndex = 1; lastKnownFileType = text.xcconfig; name = "Pods-ChartTest.debug.xcconfig"; path = "Pods/Target Support Files/Pods-ChartTest/Pods-ChartTest.debug.xcconfig"; sourceTree = "<group>"; };
		DC0BDA8220449F29AA9C5371 /* Pods-ChartTest.release.xcconfig */ = {isa = PBXFileReference; includeInIndex = 1; lastKnownFileType = text.xcconfig; name = "Pods-ChartTest.release.xcconfig"; path = "Pods/Target Support Files/Pods-ChartTest/Pods-ChartTest.release.xcconfig"; sourceTree = "<group>"; };
		FC2A9ADC1EF3DDB800537BEA /* ChartTest.app */ = {isa = PBXFileReference; explicitFileType = wrapper.application; includeInIndex = 0; path = ChartTest.app; sourceTree = BUILT_PRODUCTS_DIR; };
		FC2A9ADF1EF3DDB800537BEA /* AppDelegate.swift */ = {isa = PBXFileReference; lastKnownFileType = sourcecode.swift; path = AppDelegate.swift; sourceTree = "<group>"; };
		FC2A9AE11EF3DDB800537BEA /* ViewController.swift */ = {isa = PBXFileReference; lastKnownFileType = sourcecode.swift; path = ViewController.swift; sourceTree = "<group>"; };
		FC2A9AE41EF3DDB800537BEA /* Base */ = {isa = PBXFileReference; lastKnownFileType = file.storyboard; name = Base; path = Base.lproj/Main.storyboard; sourceTree = "<group>"; };
		FC2A9AE61EF3DDB800537BEA /* Assets.xcassets */ = {isa = PBXFileReference; lastKnownFileType = folder.assetcatalog; path = Assets.xcassets; sourceTree = "<group>"; };
		FC2A9AE91EF3DDB800537BEA /* Base */ = {isa = PBXFileReference; lastKnownFileType = file.storyboard; name = Base; path = Base.lproj/LaunchScreen.storyboard; sourceTree = "<group>"; };
		FC2A9AEB1EF3DDB800537BEA /* Info.plist */ = {isa = PBXFileReference; lastKnownFileType = text.plist.xml; path = Info.plist; sourceTree = "<group>"; };
		FC9FC0B51F0B7D9C009E3EBA /* Roboto-Black.ttf */ = {isa = PBXFileReference; lastKnownFileType = file; path = "Roboto-Black.ttf"; sourceTree = "<group>"; };
		FC9FC0B61F0B7D9C009E3EBA /* Roboto-BlackItalic.ttf */ = {isa = PBXFileReference; lastKnownFileType = file; path = "Roboto-BlackItalic.ttf"; sourceTree = "<group>"; };
		FC9FC0B71F0B7D9C009E3EBA /* Roboto-Bold.ttf */ = {isa = PBXFileReference; lastKnownFileType = file; path = "Roboto-Bold.ttf"; sourceTree = "<group>"; };
		FC9FC0B81F0B7D9C009E3EBA /* Roboto-BoldItalic.ttf */ = {isa = PBXFileReference; lastKnownFileType = file; path = "Roboto-BoldItalic.ttf"; sourceTree = "<group>"; };
		FC9FC0B91F0B7D9C009E3EBA /* Roboto-Italic.ttf */ = {isa = PBXFileReference; lastKnownFileType = file; path = "Roboto-Italic.ttf"; sourceTree = "<group>"; };
		FC9FC0BA1F0B7D9C009E3EBA /* Roboto-Light.ttf */ = {isa = PBXFileReference; lastKnownFileType = file; path = "Roboto-Light.ttf"; sourceTree = "<group>"; };
		FC9FC0BB1F0B7D9C009E3EBA /* Roboto-LightItalic.ttf */ = {isa = PBXFileReference; lastKnownFileType = file; path = "Roboto-LightItalic.ttf"; sourceTree = "<group>"; };
		FC9FC0BC1F0B7D9C009E3EBA /* Roboto-Medium.ttf */ = {isa = PBXFileReference; lastKnownFileType = file; path = "Roboto-Medium.ttf"; sourceTree = "<group>"; };
		FC9FC0BD1F0B7D9C009E3EBA /* Roboto-MediumItalic.ttf */ = {isa = PBXFileReference; lastKnownFileType = file; path = "Roboto-MediumItalic.ttf"; sourceTree = "<group>"; };
		FC9FC0BE1F0B7D9C009E3EBA /* Roboto-Regular.ttf */ = {isa = PBXFileReference; lastKnownFileType = file; path = "Roboto-Regular.ttf"; sourceTree = "<group>"; };
		FC9FC0BF1F0B7D9C009E3EBA /* Roboto-Thin.ttf */ = {isa = PBXFileReference; lastKnownFileType = file; path = "Roboto-Thin.ttf"; sourceTree = "<group>"; };
		FC9FC0C01F0B7D9C009E3EBA /* Roboto-ThinItalic.ttf */ = {isa = PBXFileReference; lastKnownFileType = file; path = "Roboto-ThinItalic.ttf"; sourceTree = "<group>"; };
/* End PBXFileReference section */

/* Begin PBXFrameworksBuildPhase section */
		FC2A9AD91EF3DDB800537BEA /* Frameworks */ = {
			isa = PBXFrameworksBuildPhase;
			buildActionMask = 2147483647;
			files = (
				078F0209A62E2BB141BCC940 /* Pods_ChartTest.framework in Frameworks */,
			);
			runOnlyForDeploymentPostprocessing = 0;
		};
/* End PBXFrameworksBuildPhase section */

/* Begin PBXGroup section */
		43A00C7094E15E4DC7E3DDC7 /* Pods */ = {
			isa = PBXGroup;
			children = (
				D7B574C06B89477C70259FCD /* Pods-ChartTest.debug.xcconfig */,
				DC0BDA8220449F29AA9C5371 /* Pods-ChartTest.release.xcconfig */,
			);
			name = Pods;
			sourceTree = "<group>";
		};
		5D66CF529C78126A940673C9 /* Frameworks */ = {
			isa = PBXGroup;
			children = (
				D1E83C2272CECE9BFFF8EE3F /* Pods_ChartTest.framework */,
			);
			name = Frameworks;
			sourceTree = "<group>";
		};
		FC2A9AD31EF3DDB800537BEA = {
			isa = PBXGroup;
			children = (
				FC2A9ADE1EF3DDB800537BEA /* ChartTest */,
				FC2A9ADD1EF3DDB800537BEA /* Products */,
				43A00C7094E15E4DC7E3DDC7 /* Pods */,
				5D66CF529C78126A940673C9 /* Frameworks */,
			);
			sourceTree = "<group>";
		};
		FC2A9ADD1EF3DDB800537BEA /* Products */ = {
			isa = PBXGroup;
			children = (
				FC2A9ADC1EF3DDB800537BEA /* ChartTest.app */,
			);
			name = Products;
			sourceTree = "<group>";
		};
		FC2A9ADE1EF3DDB800537BEA /* ChartTest */ = {
			isa = PBXGroup;
			children = (
				FC2C680C1EFD45C9001515FF /* Fonts */,
				FC2A9ADF1EF3DDB800537BEA /* AppDelegate.swift */,
				FC2A9AE11EF3DDB800537BEA /* ViewController.swift */,
				FC2A9AE31EF3DDB800537BEA /* Main.storyboard */,
				FC2A9AE61EF3DDB800537BEA /* Assets.xcassets */,
				FC2A9AE81EF3DDB800537BEA /* LaunchScreen.storyboard */,
				FC2A9AEB1EF3DDB800537BEA /* Info.plist */,
			);
			path = ChartTest;
			sourceTree = "<group>";
		};
		FC2C680C1EFD45C9001515FF /* Fonts */ = {
			isa = PBXGroup;
			children = (
				FC9FC0B51F0B7D9C009E3EBA /* Roboto-Black.ttf */,
				FC9FC0B61F0B7D9C009E3EBA /* Roboto-BlackItalic.ttf */,
				FC9FC0B71F0B7D9C009E3EBA /* Roboto-Bold.ttf */,
				FC9FC0B81F0B7D9C009E3EBA /* Roboto-BoldItalic.ttf */,
				FC9FC0B91F0B7D9C009E3EBA /* Roboto-Italic.ttf */,
				FC9FC0BA1F0B7D9C009E3EBA /* Roboto-Light.ttf */,
				FC9FC0BB1F0B7D9C009E3EBA /* Roboto-LightItalic.ttf */,
				FC9FC0BC1F0B7D9C009E3EBA /* Roboto-Medium.ttf */,
				FC9FC0BD1F0B7D9C009E3EBA /* Roboto-MediumItalic.ttf */,
				FC9FC0BE1F0B7D9C009E3EBA /* Roboto-Regular.ttf */,
				FC9FC0BF1F0B7D9C009E3EBA /* Roboto-Thin.ttf */,
				FC9FC0C01F0B7D9C009E3EBA /* Roboto-ThinItalic.ttf */,
			);
			name = Fonts;
			sourceTree = "<group>";
		};
/* End PBXGroup section */

/* Begin PBXNativeTarget section */
		FC2A9ADB1EF3DDB800537BEA /* ChartTest */ = {
			isa = PBXNativeTarget;
			buildConfigurationList = FC2A9AEE1EF3DDB800537BEA /* Build configuration list for PBXNativeTarget "ChartTest" */;
			buildPhases = (
				65630B76BFCCD79034505528 /* [CP] Check Pods Manifest.lock */,
				FC2A9AD81EF3DDB800537BEA /* Sources */,
				FC2A9AD91EF3DDB800537BEA /* Frameworks */,
				FC2A9ADA1EF3DDB800537BEA /* Resources */,
				B5574B3FEAE189EAE6808304 /* [CP] Embed Pods Frameworks */,
				5780139EA99E30BC09AA77B1 /* [CP] Copy Pods Resources */,
			);
			buildRules = (
			);
			dependencies = (
			);
			name = ChartTest;
			productName = ChartTest;
			productReference = FC2A9ADC1EF3DDB800537BEA /* ChartTest.app */;
			productType = "com.apple.product-type.application";
		};
/* End PBXNativeTarget section */

/* Begin PBXProject section */
		FC2A9AD41EF3DDB800537BEA /* Project object */ = {
			isa = PBXProject;
			attributes = {
				LastSwiftUpdateCheck = 0830;
				LastUpgradeCheck = 0830;
				ORGANIZATIONNAME = "Dynamic Solution Innovators";
				TargetAttributes = {
					FC2A9ADB1EF3DDB800537BEA = {
						CreatedOnToolsVersion = 8.3.2;
						DevelopmentTeam = 7449R7248Z;
						ProvisioningStyle = Automatic;
					};
				};
			};
			buildConfigurationList = FC2A9AD71EF3DDB800537BEA /* Build configuration list for PBXProject "ChartTest" */;
			compatibilityVersion = "Xcode 3.2";
			developmentRegion = English;
			hasScannedForEncodings = 0;
			knownRegions = (
				en,
				Base,
			);
			mainGroup = FC2A9AD31EF3DDB800537BEA;
			productRefGroup = FC2A9ADD1EF3DDB800537BEA /* Products */;
			projectDirPath = "";
			projectRoot = "";
			targets = (
				FC2A9ADB1EF3DDB800537BEA /* ChartTest */,
			);
		};
/* End PBXProject section */

/* Begin PBXResourcesBuildPhase section */
		FC2A9ADA1EF3DDB800537BEA /* Resources */ = {
			isa = PBXResourcesBuildPhase;
			buildActionMask = 2147483647;
			files = (
				FC9FC0C11F0B7DC2009E3EBA /* Roboto-Black.ttf in Resources */,
				FC9FC0C21F0B7DC2009E3EBA /* Roboto-BlackItalic.ttf in Resources */,
				FC9FC0C31F0B7DC2009E3EBA /* Roboto-Bold.ttf in Resources */,
				FC9FC0C41F0B7DC2009E3EBA /* Roboto-BoldItalic.ttf in Resources */,
				FC9FC0C51F0B7DC2009E3EBA /* Roboto-Italic.ttf in Resources */,
				FC9FC0C61F0B7DC2009E3EBA /* Roboto-Light.ttf in Resources */,
				FC9FC0C71F0B7DC2009E3EBA /* Roboto-LightItalic.ttf in Resources */,
				FC9FC0C81F0B7DC2009E3EBA /* Roboto-Medium.ttf in Resources */,
				FC9FC0C91F0B7DC2009E3EBA /* Roboto-MediumItalic.ttf in Resources */,
				FC9FC0CA1F0B7DC2009E3EBA /* Roboto-Regular.ttf in Resources */,
				FC9FC0CB1F0B7DC2009E3EBA /* Roboto-Thin.ttf in Resources */,
				FC9FC0CC1F0B7DC2009E3EBA /* Roboto-ThinItalic.ttf in Resources */,
				FC2A9AEA1EF3DDB800537BEA /* LaunchScreen.storyboard in Resources */,
				FC2A9AE71EF3DDB800537BEA /* Assets.xcassets in Resources */,
				FC2A9AE51EF3DDB800537BEA /* Main.storyboard in Resources */,
			);
			runOnlyForDeploymentPostprocessing = 0;
		};
/* End PBXResourcesBuildPhase section */

/* Begin PBXShellScriptBuildPhase section */
		5780139EA99E30BC09AA77B1 /* [CP] Copy Pods Resources */ = {
			isa = PBXShellScriptBuildPhase;
			buildActionMask = 2147483647;
			files = (
			);
			inputPaths = (
			);
			name = "[CP] Copy Pods Resources";
			outputPaths = (
			);
			runOnlyForDeploymentPostprocessing = 0;
			shellPath = /bin/sh;
			shellScript = "\"${SRCROOT}/Pods/Target Support Files/Pods-ChartTest/Pods-ChartTest-resources.sh\"\n";
			showEnvVarsInLog = 0;
		};
		65630B76BFCCD79034505528 /* [CP] Check Pods Manifest.lock */ = {
			isa = PBXShellScriptBuildPhase;
			buildActionMask = 2147483647;
			files = (
			);
			inputPaths = (
			);
			name = "[CP] Check Pods Manifest.lock";
			outputPaths = (
			);
			runOnlyForDeploymentPostprocessing = 0;
			shellPath = /bin/sh;
			shellScript = "diff \"${PODS_PODFILE_DIR_PATH}/Podfile.lock\" \"${PODS_ROOT}/Manifest.lock\" > /dev/null\nif [ $? != 0 ] ; then\n    # print error to STDERR\n    echo \"error: The sandbox is not in sync with the Podfile.lock. Run 'pod install' or update your CocoaPods installation.\" >&2\n    exit 1\nfi\n";
			showEnvVarsInLog = 0;
		};
		B5574B3FEAE189EAE6808304 /* [CP] Embed Pods Frameworks */ = {
			isa = PBXShellScriptBuildPhase;
			buildActionMask = 2147483647;
			files = (
			);
			inputPaths = (
			);
			name = "[CP] Embed Pods Frameworks";
			outputPaths = (
			);
			runOnlyForDeploymentPostprocessing = 0;
			shellPath = /bin/sh;
			shellScript = "\"${SRCROOT}/Pods/Target Support Files/Pods-ChartTest/Pods-ChartTest-frameworks.sh\"\n";
			showEnvVarsInLog = 0;
		};
/* End PBXShellScriptBuildPhase section */

/* Begin PBXSourcesBuildPhase section */
		FC2A9AD81EF3DDB800537BEA /* Sources */ = {
			isa = PBXSourcesBuildPhase;
			buildActionMask = 2147483647;
			files = (
				FC2A9AE21EF3DDB800537BEA /* ViewController.swift in Sources */,
				FC2A9AE01EF3DDB800537BEA /* AppDelegate.swift in Sources */,
			);
			runOnlyForDeploymentPostprocessing = 0;
		};
/* End PBXSourcesBuildPhase section */

/* Begin PBXVariantGroup section */
		FC2A9AE31EF3DDB800537BEA /* Main.storyboard */ = {
			isa = PBXVariantGroup;
			children = (
				FC2A9AE41EF3DDB800537BEA /* Base */,
			);
			name = Main.storyboard;
			sourceTree = "<group>";
		};
		FC2A9AE81EF3DDB800537BEA /* LaunchScreen.storyboard */ = {
			isa = PBXVariantGroup;
			children = (
				FC2A9AE91EF3DDB800537BEA /* Base */,
			);
			name = LaunchScreen.storyboard;
			sourceTree = "<group>";
		};
/* End PBXVariantGroup section */

/* Begin XCBuildConfiguration section */
		FC2A9AEC1EF3DDB800537BEA /* Debug */ = {
			isa = XCBuildConfiguration;
			buildSettings = {
				ALWAYS_SEARCH_USER_PATHS = NO;
				CLANG_ANALYZER_NONNULL = YES;
				CLANG_ANALYZER_NUMBER_OBJECT_CONVERSION = YES_AGGRESSIVE;
				CLANG_CXX_LANGUAGE_STANDARD = "gnu++0x";
				CLANG_CXX_LIBRARY = "libc++";
				CLANG_ENABLE_MODULES = YES;
				CLANG_ENABLE_OBJC_ARC = YES;
				CLANG_WARN_BOOL_CONVERSION = YES;
				CLANG_WARN_CONSTANT_CONVERSION = YES;
				CLANG_WARN_DIRECT_OBJC_ISA_USAGE = YES_ERROR;
				CLANG_WARN_DOCUMENTATION_COMMENTS = YES;
				CLANG_WARN_EMPTY_BODY = YES;
				CLANG_WARN_ENUM_CONVERSION = YES;
				CLANG_WARN_INFINITE_RECURSION = YES;
				CLANG_WARN_INT_CONVERSION = YES;
				CLANG_WARN_OBJC_ROOT_CLASS = YES_ERROR;
				CLANG_WARN_SUSPICIOUS_MOVE = YES;
				CLANG_WARN_UNREACHABLE_CODE = YES;
				CLANG_WARN__DUPLICATE_METHOD_MATCH = YES;
				"CODE_SIGN_IDENTITY[sdk=iphoneos*]" = "iPhone Developer";
				COPY_PHASE_STRIP = NO;
				DEBUG_INFORMATION_FORMAT = dwarf;
				ENABLE_STRICT_OBJC_MSGSEND = YES;
				ENABLE_TESTABILITY = YES;
				GCC_C_LANGUAGE_STANDARD = gnu99;
				GCC_DYNAMIC_NO_PIC = NO;
				GCC_NO_COMMON_BLOCKS = YES;
				GCC_OPTIMIZATION_LEVEL = 0;
				GCC_PREPROCESSOR_DEFINITIONS = (
					"DEBUG=1",
					"$(inherited)",
				);
				GCC_WARN_64_TO_32_BIT_CONVERSION = YES;
				GCC_WARN_ABOUT_RETURN_TYPE = YES_ERROR;
				GCC_WARN_UNDECLARED_SELECTOR = YES;
				GCC_WARN_UNINITIALIZED_AUTOS = YES_AGGRESSIVE;
				GCC_WARN_UNUSED_FUNCTION = YES;
				GCC_WARN_UNUSED_VARIABLE = YES;
				IPHONEOS_DEPLOYMENT_TARGET = 10.3;
				MTL_ENABLE_DEBUG_INFO = YES;
				ONLY_ACTIVE_ARCH = YES;
				SDKROOT = iphoneos;
				SWIFT_ACTIVE_COMPILATION_CONDITIONS = DEBUG;
				SWIFT_OPTIMIZATION_LEVEL = "-Onone";
			};
			name = Debug;
		};
		FC2A9AED1EF3DDB800537BEA /* Release */ = {
			isa = XCBuildConfiguration;
			buildSettings = {
				ALWAYS_SEARCH_USER_PATHS = NO;
				CLANG_ANALYZER_NONNULL = YES;
				CLANG_ANALYZER_NUMBER_OBJECT_CONVERSION = YES_AGGRESSIVE;
				CLANG_CXX_LANGUAGE_STANDARD = "gnu++0x";
				CLANG_CXX_LIBRARY = "libc++";
				CLANG_ENABLE_MODULES = YES;
				CLANG_ENABLE_OBJC_ARC = YES;
				CLANG_WARN_BOOL_CONVERSION = YES;
				CLANG_WARN_CONSTANT_CONVERSION = YES;
				CLANG_WARN_DIRECT_OBJC_ISA_USAGE = YES_ERROR;
				CLANG_WARN_DOCUMENTATION_COMMENTS = YES;
				CLANG_WARN_EMPTY_BODY = YES;
				CLANG_WARN_ENUM_CONVERSION = YES;
				CLANG_WARN_INFINITE_RECURSION = YES;
				CLANG_WARN_INT_CONVERSION = YES;
				CLANG_WARN_OBJC_ROOT_CLASS = YES_ERROR;
				CLANG_WARN_SUSPICIOUS_MOVE = YES;
				CLANG_WARN_UNREACHABLE_CODE = YES;
				CLANG_WARN__DUPLICATE_METHOD_MATCH = YES;
				"CODE_SIGN_IDENTITY[sdk=iphoneos*]" = "iPhone Developer";
				COPY_PHASE_STRIP = NO;
				DEBUG_INFORMATION_FORMAT = "dwarf-with-dsym";
				ENABLE_NS_ASSERTIONS = NO;
				ENABLE_STRICT_OBJC_MSGSEND = YES;
				GCC_C_LANGUAGE_STANDARD = gnu99;
				GCC_NO_COMMON_BLOCKS = YES;
				GCC_WARN_64_TO_32_BIT_CONVERSION = YES;
				GCC_WARN_ABOUT_RETURN_TYPE = YES_ERROR;
				GCC_WARN_UNDECLARED_SELECTOR = YES;
				GCC_WARN_UNINITIALIZED_AUTOS = YES_AGGRESSIVE;
				GCC_WARN_UNUSED_FUNCTION = YES;
				GCC_WARN_UNUSED_VARIABLE = YES;
				IPHONEOS_DEPLOYMENT_TARGET = 10.3;
				MTL_ENABLE_DEBUG_INFO = NO;
				SDKROOT = iphoneos;
				SWIFT_OPTIMIZATION_LEVEL = "-Owholemodule";
				VALIDATE_PRODUCT = YES;
			};
			name = Release;
		};
		FC2A9AEF1EF3DDB800537BEA /* Debug */ = {
			isa = XCBuildConfiguration;
			baseConfigurationReference = D7B574C06B89477C70259FCD /* Pods-ChartTest.debug.xcconfig */;
			buildSettings = {
				ASSETCATALOG_COMPILER_APPICON_NAME = AppIcon;
				DEVELOPMENT_TEAM = 7449R7248Z;
				INFOPLIST_FILE = ChartTest/Info.plist;
				IPHONEOS_DEPLOYMENT_TARGET = 9.0;
				LD_RUNPATH_SEARCH_PATHS = "$(inherited) @executable_path/Frameworks";
				PRODUCT_BUNDLE_IDENTIFIER = com.dsinnovators.ChartTest;
				PRODUCT_NAME = "$(TARGET_NAME)";
				SWIFT_VERSION = 3.0;
			};
			name = Debug;
		};
		FC2A9AF01EF3DDB800537BEA /* Release */ = {
			isa = XCBuildConfiguration;
			baseConfigurationReference = DC0BDA8220449F29AA9C5371 /* Pods-ChartTest.release.xcconfig */;
			buildSettings = {
				ASSETCATALOG_COMPILER_APPICON_NAME = AppIcon;
				DEVELOPMENT_TEAM = 7449R7248Z;
				INFOPLIST_FILE = ChartTest/Info.plist;
				IPHONEOS_DEPLOYMENT_TARGET = 9.0;
				LD_RUNPATH_SEARCH_PATHS = "$(inherited) @executable_path/Frameworks";
				PRODUCT_BUNDLE_IDENTIFIER = com.dsinnovators.ChartTest;
				PRODUCT_NAME = "$(TARGET_NAME)";
				SWIFT_VERSION = 3.0;
			};
			name = Release;
		};
/* End XCBuildConfiguration section */

/* Begin XCConfigurationList section */
		FC2A9AD71EF3DDB800537BEA /* Build configuration list for PBXProject "ChartTest" */ = {
			isa = XCConfigurationList;
			buildConfigurations = (
				FC2A9AEC1EF3DDB800537BEA /* Debug */,
				FC2A9AED1EF3DDB800537BEA /* Release */,
			);
			defaultConfigurationIsVisible = 0;
			defaultConfigurationName = Release;
		};
		FC2A9AEE1EF3DDB800537BEA /* Build configuration list for PBXNativeTarget "ChartTest" */ = {
			isa = XCConfigurationList;
			buildConfigurations = (
				FC2A9AEF1EF3DDB800537BEA /* Debug */,
				FC2A9AF01EF3DDB800537BEA /* Release */,
			);
			defaultConfigurationIsVisible = 0;
			defaultConfigurationName = Release;
		};
/* End XCConfigurationList section */
	};
	rootObject = FC2A9AD41EF3DDB800537BEA /* Project object */;
}
